
Microsoft Visual Studio Solution File, Format Version 12.00
# Visual Studio Version 17
VisualStudioVersion = 17.14.36518.9 d17.14
MinimumVisualStudioVersion = 10.0.40219.1
Project("{FAE04EC0-301F-11D3-BF4B-00C04F79EFBC}") = "TestSystem", "TestSystem.csproj", "{65E66D05-AF22-44D3-B976-39A305AAD2A8}"
EndProject
Global
	GlobalSection(SolutionConfigurationPlatforms) = preSolution
		Debug|Any CPU = Debug|Any CPU
		Release|Any CPU = Release|Any CPU
	EndGlobalSection
	GlobalSection(ProjectConfigurationPlatforms) = postSolution
		{65E66D05-AF22-44D3-B976-39A305AAD2A8}.Debug|Any CPU.ActiveCfg = Debug|Any CPU
		{65E66D05-AF22-44D3-B976-39A305AAD2A8}.Debug|Any CPU.Build.0 = Debug|Any CPU
		{65E66D05-AF22-44D3-B976-39A305AAD2A8}.Release|Any CPU.ActiveCfg = Release|Any CPU
		{65E66D05-AF22-44D3-B976-39A305AAD2A8}.Release|Any CPU.Build.0 = Release|Any CPU
	EndGlobalSection
	GlobalSection(SolutionProperties) = preSolution
		HideSolutionNode = FALSE
	EndGlobalSection
	GlobalSection(ExtensibilityGlobals) = postSolution
		SolutionGuid = {680B8F70-24CF-45F3-978D-923B74F05C81}
	EndGlobalSection
EndGlobal
