
Microsoft Visual Studio Solution File, Format Version 12.00
# Visual Studio Version 17
VisualStudioVersion = 17.14.36518.9
MinimumVisualStudioVersion = 10.0.40219.1
Project("{FAE04EC0-301F-11D3-BF4B-00C04F79EFBC}") = "TestSystem.Client", "..\TestSystem.Client\TestSystem.Client.csproj", "{64938EA8-953A-445A-A07B-1619D0F03679}"
EndProject
Project("{FAE04EC0-301F-11D3-BF4B-00C04F79EFBC}") = "TestSystem.Server", "..\TestSystem.Server\TestSystem.Server.csproj", "{647303F3-6474-47BC-8BCB-DCF5DF7C60C7}"
EndProject
Global
	GlobalSection(SolutionConfigurationPlatforms) = preSolution
		Debug|Any CPU = Debug|Any CPU
		Release|Any CPU = Release|Any CPU
	EndGlobalSection
	GlobalSection(ProjectConfigurationPlatforms) = postSolution
		{64938EA8-953A-445A-A07B-1619D0F03679}.Debug|Any CPU.ActiveCfg = Debug|Any CPU
		{64938EA8-953A-445A-A07B-1619D0F03679}.Debug|Any CPU.Build.0 = Debug|Any CPU
		{64938EA8-953A-445A-A07B-1619D0F03679}.Release|Any CPU.ActiveCfg = Release|Any CPU
		{64938EA8-953A-445A-A07B-1619D0F03679}.Release|Any CPU.Build.0 = Release|Any CPU
		{647303F3-6474-47BC-8BCB-DCF5DF7C60C7}.Debug|Any CPU.ActiveCfg = Debug|Any CPU
		{647303F3-6474-47BC-8BCB-DCF5DF7C60C7}.Debug|Any CPU.Build.0 = Debug|Any CPU
		{647303F3-6474-47BC-8BCB-DCF5DF7C60C7}.Release|Any CPU.ActiveCfg = Release|Any CPU
		{647303F3-6474-47BC-8BCB-DCF5DF7C60C7}.Release|Any CPU.Build.0 = Release|Any CPU
	EndGlobalSection
	GlobalSection(SolutionProperties) = preSolution
		HideSolutionNode = FALSE
	EndGlobalSection
	GlobalSection(ExtensibilityGlobals) = postSolution
		SolutionGuid = {680B8F70-24CF-45F3-978D-923B74F05C81}
	EndGlobalSection
EndGlobal
